
Microsoft Visual Studio Solution File, Format Version 12.00
# Visual Studio Version 16
VisualStudioVersion = 16.0.31205.134
MinimumVisualStudioVersion = 10.0.40219.1
Project("{FAE04EC0-301F-11D3-BF4B-00C04F79EFBC}") = "BlazorAuthDbPush", "BlazorAuthDbPush\BlazorAuthDbPush.csproj", "{A3251786-6F0A-45AE-A753-C7343FF3E944}"
EndProject
Global
	GlobalSection(SolutionConfigurationPlatforms) = preSolution
		Debug|Any CPU = Debug|Any CPU
		Release|Any CPU = Release|Any CPU
	EndGlobalSection
	GlobalSection(ProjectConfigurationPlatforms) = postSolution
		{A3251786-6F0A-45AE-A753-C7343FF3E944}.Debug|Any CPU.ActiveCfg = Debug|Any CPU
		{A3251786-6F0A-45AE-A753-C7343FF3E944}.Debug|Any CPU.Build.0 = Debug|Any CPU
		{A3251786-6F0A-45AE-A753-C7343FF3E944}.Release|Any CPU.ActiveCfg = Release|Any CPU
		{A3251786-6F0A-45AE-A753-C7343FF3E944}.Release|Any CPU.Build.0 = Release|Any CPU
	EndGlobalSection
	GlobalSection(SolutionProperties) = preSolution
		HideSolutionNode = FALSE
	EndGlobalSection
	GlobalSection(ExtensibilityGlobals) = postSolution
		SolutionGuid = {419302EF-65E2-456D-8A9A-37B4236A740F}
	EndGlobalSection
EndGlobal
